
Microsoft Visual Studio Solution File, Format Version 12.00
# Visual Studio Version 17
VisualStudioVersion = 17.7.34202.233
MinimumVisualStudioVersion = 10.0.40219.1
Project("{FAE04EC0-301F-11D3-BF4B-00C04F79EFBC}") = "PAS", "PAS.csproj", "{1D99401C-497E-4609-A9D9-AF869D5752DD}"
EndProject
Global
	GlobalSection(SolutionConfigurationPlatforms) = preSolution
		Debug|Any CPU = Debug|Any CPU
		Release|Any CPU = Release|Any CPU
	EndGlobalSection
	GlobalSection(ProjectConfigurationPlatforms) = postSolution
		{1D99401C-497E-4609-A9D9-AF869D5752DD}.Debug|Any CPU.ActiveCfg = Debug|Any CPU
		{1D99401C-497E-4609-A9D9-AF869D5752DD}.Debug|Any CPU.Build.0 = Debug|Any CPU
		{1D99401C-497E-4609-A9D9-AF869D5752DD}.Release|Any CPU.ActiveCfg = Release|Any CPU
		{1D99401C-497E-4609-A9D9-AF869D5752DD}.Release|Any CPU.Build.0 = Release|Any CPU
	EndGlobalSection
	GlobalSection(SolutionProperties) = preSolution
		HideSolutionNode = FALSE
	EndGlobalSection
	GlobalSection(ExtensibilityGlobals) = postSolution
		SolutionGuid = {7CDD5E67-C16F-475F-BC10-D28567CE2468}
	EndGlobalSection
EndGlobal
